
Microsoft Visual Studio Solution File, Format Version 12.00
# Visual Studio 15
VisualStudioVersion = 15.0.27130.2036
MinimumVisualStudioVersion = 10.0.40219.1
Project("{FAE04EC0-301F-11D3-BF4B-00C04F79EFBC}") = "AirTrafficMonitor", "AirTrafficMonitor\AirTrafficMonitor.csproj", "{6CDFD4BC-3438-463C-895F-58AAD8213815}"
EndProject
Project("{FAE04EC0-301F-11D3-BF4B-00C04F79EFBC}") = "AirTrafficMonitor.Test", "AirTrafficMonitor.Test\AirTrafficMonitor.Test.csproj", "{DB7B6C97-B41F-4A65-B24E-F577C95E6451}"
EndProject
Global
	GlobalSection(SolutionConfigurationPlatforms) = preSolution
		Debug|Any CPU = Debug|Any CPU
		Release|Any CPU = Release|Any CPU
	EndGlobalSection
	GlobalSection(ProjectConfigurationPlatforms) = postSolution
		{6CDFD4BC-3438-463C-895F-58AAD8213815}.Debug|Any CPU.ActiveCfg = Debug|Any CPU
		{6CDFD4BC-3438-463C-895F-58AAD8213815}.Debug|Any CPU.Build.0 = Debug|Any CPU
		{6CDFD4BC-3438-463C-895F-58AAD8213815}.Release|Any CPU.ActiveCfg = Release|Any CPU
		{6CDFD4BC-3438-463C-895F-58AAD8213815}.Release|Any CPU.Build.0 = Release|Any CPU
		{DB7B6C97-B41F-4A65-B24E-F577C95E6451}.Debug|Any CPU.ActiveCfg = Debug|Any CPU
		{DB7B6C97-B41F-4A65-B24E-F577C95E6451}.Debug|Any CPU.Build.0 = Debug|Any CPU
		{DB7B6C97-B41F-4A65-B24E-F577C95E6451}.Release|Any CPU.ActiveCfg = Release|Any CPU
		{DB7B6C97-B41F-4A65-B24E-F577C95E6451}.Release|Any CPU.Build.0 = Release|Any CPU
	EndGlobalSection
	GlobalSection(SolutionProperties) = preSolution
		HideSolutionNode = FALSE
	EndGlobalSection
	GlobalSection(ExtensibilityGlobals) = postSolution
		SolutionGuid = {DA79AB43-57C5-4CB2-B3E5-2F23CC6CF338}
	EndGlobalSection
EndGlobal
